
Microsoft Visual Studio Solution File, Format Version 12.00
# Visual Studio Version 16
VisualStudioVersion = 16.0.32126.315
MinimumVisualStudioVersion = 10.0.40219.1
Project("{FAE04EC0-301F-11D3-BF4B-00C04F79EFBC}") = "Practica_2", "Practica_2\Practica_2.csproj", "{63E33FA3-555D-47A0-9B93-8FE27D0E535C}"
EndProject
Global
	GlobalSection(SolutionConfigurationPlatforms) = preSolution
		Debug|Any CPU = Debug|Any CPU
		Release|Any CPU = Release|Any CPU
	EndGlobalSection
	GlobalSection(ProjectConfigurationPlatforms) = postSolution
		{63E33FA3-555D-47A0-9B93-8FE27D0E535C}.Debug|Any CPU.ActiveCfg = Debug|Any CPU
		{63E33FA3-555D-47A0-9B93-8FE27D0E535C}.Debug|Any CPU.Build.0 = Debug|Any CPU
		{63E33FA3-555D-47A0-9B93-8FE27D0E535C}.Release|Any CPU.ActiveCfg = Release|Any CPU
		{63E33FA3-555D-47A0-9B93-8FE27D0E535C}.Release|Any CPU.Build.0 = Release|Any CPU
	EndGlobalSection
	GlobalSection(SolutionProperties) = preSolution
		HideSolutionNode = FALSE
	EndGlobalSection
	GlobalSection(ExtensibilityGlobals) = postSolution
		SolutionGuid = {2B7B824A-9828-4057-87FA-7B822C5DCB6E}
	EndGlobalSection
EndGlobal
